// !$*UTF8*$!
{
	archiveVersion = 1;
	classes = {
	};
	objectVersion = 50;
	objects = {

/* Begin PBXBuildFile section */
		FA2948CE23A1D9AD0099B978 /* AppDelegate.swift in Sources */ = {isa = PBXBuildFile; fileRef = FA2948CD23A1D9AD0099B978 /* AppDelegate.swift */; };
		FA2948D023A1D9AD0099B978 /* ViewController.swift in Sources */ = {isa = PBXBuildFile; fileRef = FA2948CF23A1D9AD0099B978 /* ViewController.swift */; };
		FA2948D223A1D9AD0099B978 /* Document.swift in Sources */ = {isa = PBXBuildFile; fileRef = FA2948D123A1D9AD0099B978 /* Document.swift */; };
		FA2948D423A1D9AE0099B978 /* Assets.xcassets in Resources */ = {isa = PBXBuildFile; fileRef = FA2948D323A1D9AE0099B978 /* Assets.xcassets */; };
		FA2948D723A1D9AE0099B978 /* Main.storyboard in Resources */ = {isa = PBXBuildFile; fileRef = FA2948D523A1D9AE0099B978 /* Main.storyboard */; };
		FA2948E123A1DCCF0099B978 /* LogViewController.swift in Sources */ = {isa = PBXBuildFile; fileRef = FA2948E023A1DCCF0099B978 /* LogViewController.swift */; };
		FA2948E323A1DE2D0099B978 /* SettingsViewController.swift in Sources */ = {isa = PBXBuildFile; fileRef = FA2948E223A1DE2D0099B978 /* SettingsViewController.swift */; };
		FA2948E623A1DF720099B978 /* SearchEngine.swift in Sources */ = {isa = PBXBuildFile; fileRef = FA2948E523A1DF720099B978 /* SearchEngine.swift */; };
		FA2948EA23A1DFED0099B978 /* SearchEngine.cpp in Sources */ = {isa = PBXBuildFile; fileRef = FA2948E823A1DFED0099B978 /* SearchEngine.cpp */; };
		FA2948ED23A1E0340099B978 /* HyperscanEngine.cpp in Sources */ = {isa = PBXBuildFile; fileRef = FA2948EB23A1E0340099B978 /* HyperscanEngine.cpp */; };
/* End PBXBuildFile section */

/* Begin PBXFileReference section */
		FA2948CA23A1D9AD0099B978 /* PeculiarLog.app */ = {isa = PBXFileReference; explicitFileType = wrapper.application; includeInIndex = 0; path = PeculiarLog.app; sourceTree = BUILT_PRODUCTS_DIR; };
		FA2948CD23A1D9AD0099B978 /* AppDelegate.swift */ = {isa = PBXFileReference; lastKnownFileType = sourcecode.swift; path = AppDelegate.swift; sourceTree = "<group>"; };
		FA2948CF23A1D9AD0099B978 /* ViewController.swift */ = {isa = PBXFileReference; lastKnownFileType = sourcecode.swift; path = ViewController.swift; sourceTree = "<group>"; };
		FA2948D123A1D9AD0099B978 /* Document.swift */ = {isa = PBXFileReference; lastKnownFileType = sourcecode.swift; path = Document.swift; sourceTree = "<group>"; };
		FA2948D323A1D9AE0099B978 /* Assets.xcassets */ = {isa = PBXFileReference; lastKnownFileType = folder.assetcatalog; path = Assets.xcassets; sourceTree = "<group>"; };
		FA2948D623A1D9AE0099B978 /* Base */ = {isa = PBXFileReference; lastKnownFileType = file.storyboard; name = Base; path = Base.lproj/Main.storyboard; sourceTree = "<group>"; };
		FA2948D823A1D9AE0099B978 /* Info.plist */ = {isa = PBXFileReference; lastKnownFileType = text.plist.xml; path = Info.plist; sourceTree = "<group>"; };
		FA2948D923A1D9AE0099B978 /* PeculiarLog.entitlements */ = {isa = PBXFileReference; lastKnownFileType = text.plist.entitlements; path = PeculiarLog.entitlements; sourceTree = "<group>"; };
		FA2948E023A1DCCF0099B978 /* LogViewController.swift */ = {isa = PBXFileReference; lastKnownFileType = sourcecode.swift; path = LogViewController.swift; sourceTree = "<group>"; };
		FA2948E223A1DE2D0099B978 /* SettingsViewController.swift */ = {isa = PBXFileReference; lastKnownFileType = sourcecode.swift; path = SettingsViewController.swift; sourceTree = "<group>"; };
		FA2948E423A1DF510099B978 /* PeculiarLog-Bridging-Header.h */ = {isa = PBXFileReference; lastKnownFileType = sourcecode.c.h; path = "PeculiarLog-Bridging-Header.h"; sourceTree = "<group>"; };
		FA2948E523A1DF720099B978 /* SearchEngine.swift */ = {isa = PBXFileReference; lastKnownFileType = sourcecode.swift; path = SearchEngine.swift; sourceTree = "<group>"; };
		FA2948E723A1DFAB0099B978 /* ScopeTracker.hpp */ = {isa = PBXFileReference; lastKnownFileType = sourcecode.cpp.h; path = ScopeTracker.hpp; sourceTree = "<group>"; };
		FA2948E823A1DFED0099B978 /* SearchEngine.cpp */ = {isa = PBXFileReference; lastKnownFileType = sourcecode.cpp.cpp; path = SearchEngine.cpp; sourceTree = "<group>"; };
		FA2948E923A1DFED0099B978 /* SearchEngine.hpp */ = {isa = PBXFileReference; lastKnownFileType = sourcecode.cpp.h; path = SearchEngine.hpp; sourceTree = "<group>"; };
		FA2948EB23A1E0340099B978 /* HyperscanEngine.cpp */ = {isa = PBXFileReference; lastKnownFileType = sourcecode.cpp.cpp; path = HyperscanEngine.cpp; sourceTree = "<group>"; };
		FA2948EC23A1E0340099B978 /* HyperscanEngine.hpp */ = {isa = PBXFileReference; lastKnownFileType = sourcecode.cpp.h; path = HyperscanEngine.hpp; sourceTree = "<group>"; };
/* End PBXFileReference section */

/* Begin PBXFrameworksBuildPhase section */
		FA2948C723A1D9AD0099B978 /* Frameworks */ = {
			isa = PBXFrameworksBuildPhase;
			buildActionMask = 2147483647;
			files = (
			);
			runOnlyForDeploymentPostprocessing = 0;
		};
/* End PBXFrameworksBuildPhase section */

/* Begin PBXGroup section */
		FA2948C123A1D9AD0099B978 = {
			isa = PBXGroup;
			children = (
				FA2948CC23A1D9AD0099B978 /* PeculiarLog */,
				FA2948CB23A1D9AD0099B978 /* Products */,
			);
			sourceTree = "<group>";
		};
		FA2948CB23A1D9AD0099B978 /* Products */ = {
			isa = PBXGroup;
			children = (
				FA2948CA23A1D9AD0099B978 /* PeculiarLog.app */,
			);
			name = Products;
			sourceTree = "<group>";
		};
		FA2948CC23A1D9AD0099B978 /* PeculiarLog */ = {
			isa = PBXGroup;
			children = (
				FA2948DF23A1DB0F0099B978 /* SearchEngine */,
				FA2948CD23A1D9AD0099B978 /* AppDelegate.swift */,
				FA2948CF23A1D9AD0099B978 /* ViewController.swift */,
				FA2948E023A1DCCF0099B978 /* LogViewController.swift */,
				FA2948E223A1DE2D0099B978 /* SettingsViewController.swift */,
				FA2948D123A1D9AD0099B978 /* Document.swift */,
				FA2948D323A1D9AE0099B978 /* Assets.xcassets */,
				FA2948D523A1D9AE0099B978 /* Main.storyboard */,
				FA2948D823A1D9AE0099B978 /* Info.plist */,
				FA2948D923A1D9AE0099B978 /* PeculiarLog.entitlements */,
			);
			path = PeculiarLog;
			sourceTree = "<group>";
		};
		FA2948DF23A1DB0F0099B978 /* SearchEngine */ = {
			isa = PBXGroup;
			children = (
				FA2948E423A1DF510099B978 /* PeculiarLog-Bridging-Header.h */,
				FA2948E523A1DF720099B978 /* SearchEngine.swift */,
				FA2948E723A1DFAB0099B978 /* ScopeTracker.hpp */,
				FA2948E923A1DFED0099B978 /* SearchEngine.hpp */,
				FA2948E823A1DFED0099B978 /* SearchEngine.cpp */,
				FA2948EC23A1E0340099B978 /* HyperscanEngine.hpp */,
				FA2948EB23A1E0340099B978 /* HyperscanEngine.cpp */,
			);
			path = SearchEngine;
			sourceTree = "<group>";
		};
/* End PBXGroup section */

/* Begin PBXNativeTarget section */
		FA2948C923A1D9AD0099B978 /* PeculiarLog */ = {
			isa = PBXNativeTarget;
			buildConfigurationList = FA2948DC23A1D9AE0099B978 /* Build configuration list for PBXNativeTarget "PeculiarLog" */;
			buildPhases = (
				FA2948C623A1D9AD0099B978 /* Sources */,
				FA2948C723A1D9AD0099B978 /* Frameworks */,
				FA2948C823A1D9AD0099B978 /* Resources */,
			);
			buildRules = (
			);
			dependencies = (
			);
			name = PeculiarLog;
			productName = PeculiarLog;
			productReference = FA2948CA23A1D9AD0099B978 /* PeculiarLog.app */;
			productType = "com.apple.product-type.application";
		};
/* End PBXNativeTarget section */

/* Begin PBXProject section */
		FA2948C223A1D9AD0099B978 /* Project object */ = {
			isa = PBXProject;
			attributes = {
				LastSwiftUpdateCheck = 1100;
				LastUpgradeCheck = 1100;
				ORGANIZATIONNAME = "Peculiar Technologies";
				TargetAttributes = {
					FA2948C923A1D9AD0099B978 = {
						CreatedOnToolsVersion = 11.0;
						LastSwiftMigration = 1100;
					};
				};
			};
			buildConfigurationList = FA2948C523A1D9AD0099B978 /* Build configuration list for PBXProject "PeculiarLog" */;
			compatibilityVersion = "Xcode 9.3";
			developmentRegion = en;
			hasScannedForEncodings = 0;
			knownRegions = (
				en,
				Base,
			);
			mainGroup = FA2948C123A1D9AD0099B978;
			productRefGroup = FA2948CB23A1D9AD0099B978 /* Products */;
			projectDirPath = "";
			projectRoot = "";
			targets = (
				FA2948C923A1D9AD0099B978 /* PeculiarLog */,
			);
		};
/* End PBXProject section */

/* Begin PBXResourcesBuildPhase section */
		FA2948C823A1D9AD0099B978 /* Resources */ = {
			isa = PBXResourcesBuildPhase;
			buildActionMask = 2147483647;
			files = (
				FA2948D423A1D9AE0099B978 /* Assets.xcassets in Resources */,
				FA2948D723A1D9AE0099B978 /* Main.storyboard in Resources */,
			);
			runOnlyForDeploymentPostprocessing = 0;
		};
/* End PBXResourcesBuildPhase section */

/* Begin PBXSourcesBuildPhase section */
		FA2948C623A1D9AD0099B978 /* Sources */ = {
			isa = PBXSourcesBuildPhase;
			buildActionMask = 2147483647;
			files = (
				FA2948D023A1D9AD0099B978 /* ViewController.swift in Sources */,
				FA2948E623A1DF720099B978 /* SearchEngine.swift in Sources */,
				FA2948EA23A1DFED0099B978 /* SearchEngine.cpp in Sources */,
				FA2948CE23A1D9AD0099B978 /* AppDelegate.swift in Sources */,
				FA2948D223A1D9AD0099B978 /* Document.swift in Sources */,
				FA2948E323A1DE2D0099B978 /* SettingsViewController.swift in Sources */,
				FA2948E123A1DCCF0099B978 /* LogViewController.swift in Sources */,
				FA2948ED23A1E0340099B978 /* HyperscanEngine.cpp in Sources */,
			);
			runOnlyForDeploymentPostprocessing = 0;
		};
/* End PBXSourcesBuildPhase section */

/* Begin PBXVariantGroup section */
		FA2948D523A1D9AE0099B978 /* Main.storyboard */ = {
			isa = PBXVariantGroup;
			children = (
				FA2948D623A1D9AE0099B978 /* Base */,
			);
			name = Main.storyboard;
			sourceTree = "<group>";
		};
/* End PBXVariantGroup section */

/* Begin XCBuildConfiguration section */
		FA2948DA23A1D9AE0099B978 /* Debug */ = {
			isa = XCBuildConfiguration;
			buildSettings = {
				ALWAYS_SEARCH_USER_PATHS = NO;
				CLANG_ANALYZER_NONNULL = YES;
				CLANG_ANALYZER_NUMBER_OBJECT_CONVERSION = YES_AGGRESSIVE;
				CLANG_CXX_LANGUAGE_STANDARD = "gnu++14";
				CLANG_CXX_LIBRARY = "libc++";
				CLANG_ENABLE_MODULES = YES;
				CLANG_ENABLE_OBJC_ARC = YES;
				CLANG_ENABLE_OBJC_WEAK = YES;
				CLANG_WARN_BLOCK_CAPTURE_AUTORELEASING = YES;
				CLANG_WARN_BOOL_CONVERSION = YES;
				CLANG_WARN_COMMA = YES;
				CLANG_WARN_CONSTANT_CONVERSION = YES;
				CLANG_WARN_DEPRECATED_OBJC_IMPLEMENTATIONS = YES;
				CLANG_WARN_DIRECT_OBJC_ISA_USAGE = YES_ERROR;
				CLANG_WARN_DOCUMENTATION_COMMENTS = YES;
				CLANG_WARN_EMPTY_BODY = YES;
				CLANG_WARN_ENUM_CONVERSION = YES;
				CLANG_WARN_INFINITE_RECURSION = YES;
				CLANG_WARN_INT_CONVERSION = YES;
				CLANG_WARN_NON_LITERAL_NULL_CONVERSION = YES;
				CLANG_WARN_OBJC_IMPLICIT_RETAIN_SELF = YES;
				CLANG_WARN_OBJC_LITERAL_CONVERSION = YES;
				CLANG_WARN_OBJC_ROOT_CLASS = YES_ERROR;
				CLANG_WARN_RANGE_LOOP_ANALYSIS = YES;
				CLANG_WARN_STRICT_PROTOTYPES = YES;
				CLANG_WARN_SUSPICIOUS_MOVE = YES;
				CLANG_WARN_UNGUARDED_AVAILABILITY = YES_AGGRESSIVE;
				CLANG_WARN_UNREACHABLE_CODE = YES;
				CLANG_WARN__DUPLICATE_METHOD_MATCH = YES;
				COPY_PHASE_STRIP = NO;
				DEBUG_INFORMATION_FORMAT = dwarf;
				ENABLE_STRICT_OBJC_MSGSEND = YES;
				ENABLE_TESTABILITY = YES;
				GCC_C_LANGUAGE_STANDARD = gnu11;
				GCC_DYNAMIC_NO_PIC = NO;
				GCC_NO_COMMON_BLOCKS = YES;
				GCC_OPTIMIZATION_LEVEL = 0;
				GCC_PREPROCESSOR_DEFINITIONS = (
					"DEBUG=1",
					"$(inherited)",
				);
				GCC_WARN_64_TO_32_BIT_CONVERSION = YES;
				GCC_WARN_ABOUT_RETURN_TYPE = YES_ERROR;
				GCC_WARN_UNDECLARED_SELECTOR = YES;
				GCC_WARN_UNINITIALIZED_AUTOS = YES_AGGRESSIVE;
				GCC_WARN_UNUSED_FUNCTION = YES;
				GCC_WARN_UNUSED_VARIABLE = YES;
				MACOSX_DEPLOYMENT_TARGET = 10.14;
				MTL_ENABLE_DEBUG_INFO = INCLUDE_SOURCE;
				MTL_FAST_MATH = YES;
				ONLY_ACTIVE_ARCH = YES;
				SDKROOT = macosx;
				SWIFT_ACTIVE_COMPILATION_CONDITIONS = DEBUG;
				SWIFT_OPTIMIZATION_LEVEL = "-Onone";
			};
			name = Debug;
		};
		FA2948DB23A1D9AE0099B978 /* Release */ = {
			isa = XCBuildConfiguration;
			buildSettings = {
				ALWAYS_SEARCH_USER_PATHS = NO;
				CLANG_ANALYZER_NONNULL = YES;
				CLANG_ANALYZER_NUMBER_OBJECT_CONVERSION = YES_AGGRESSIVE;
				CLANG_CXX_LANGUAGE_STANDARD = "gnu++14";
				CLANG_CXX_LIBRARY = "libc++";
				CLANG_ENABLE_MODULES = YES;
				CLANG_ENABLE_OBJC_ARC = YES;
				CLANG_ENABLE_OBJC_WEAK = YES;
				CLANG_WARN_BLOCK_CAPTURE_AUTORELEASING = YES;
				CLANG_WARN_BOOL_CONVERSION = YES;
				CLANG_WARN_COMMA = YES;
				CLANG_WARN_CONSTANT_CONVERSION = YES;
				CLANG_WARN_DEPRECATED_OBJC_IMPLEMENTATIONS = YES;
				CLANG_WARN_DIRECT_OBJC_ISA_USAGE = YES_ERROR;
				CLANG_WARN_DOCUMENTATION_COMMENTS = YES;
				CLANG_WARN_EMPTY_BODY = YES;
				CLANG_WARN_ENUM_CONVERSION = YES;
				CLANG_WARN_INFINITE_RECURSION = YES;
				CLANG_WARN_INT_CONVERSION = YES;
				CLANG_WARN_NON_LITERAL_NULL_CONVERSION = YES;
				CLANG_WARN_OBJC_IMPLICIT_RETAIN_SELF = YES;
				CLANG_WARN_OBJC_LITERAL_CONVERSION = YES;
				CLANG_WARN_OBJC_ROOT_CLASS = YES_ERROR;
				CLANG_WARN_RANGE_LOOP_ANALYSIS = YES;
				CLANG_WARN_STRICT_PROTOTYPES = YES;
				CLANG_WARN_SUSPICIOUS_MOVE = YES;
				CLANG_WARN_UNGUARDED_AVAILABILITY = YES_AGGRESSIVE;
				CLANG_WARN_UNREACHABLE_CODE = YES;
				CLANG_WARN__DUPLICATE_METHOD_MATCH = YES;
				COPY_PHASE_STRIP = NO;
				DEBUG_INFORMATION_FORMAT = "dwarf-with-dsym";
				ENABLE_NS_ASSERTIONS = NO;
				ENABLE_STRICT_OBJC_MSGSEND = YES;
				GCC_C_LANGUAGE_STANDARD = gnu11;
				GCC_NO_COMMON_BLOCKS = YES;
				GCC_WARN_64_TO_32_BIT_CONVERSION = YES;
				GCC_WARN_ABOUT_RETURN_TYPE = YES_ERROR;
				GCC_WARN_UNDECLARED_SELECTOR = YES;
				GCC_WARN_UNINITIALIZED_AUTOS = YES_AGGRESSIVE;
				GCC_WARN_UNUSED_FUNCTION = YES;
				GCC_WARN_UNUSED_VARIABLE = YES;
				MACOSX_DEPLOYMENT_TARGET = 10.14;
				MTL_ENABLE_DEBUG_INFO = NO;
				MTL_FAST_MATH = YES;
				SDKROOT = macosx;
				SWIFT_COMPILATION_MODE = wholemodule;
				SWIFT_OPTIMIZATION_LEVEL = "-O";
			};
			name = Release;
		};
		FA2948DD23A1D9AE0099B978 /* Debug */ = {
			isa = XCBuildConfiguration;
			buildSettings = {
				ASSETCATALOG_COMPILER_APPICON_NAME = AppIcon;
				CLANG_ENABLE_MODULES = YES;
				CODE_SIGN_ENTITLEMENTS = PeculiarLog/PeculiarLog.entitlements;
				CODE_SIGN_STYLE = Manual;
				COMBINE_HIDPI_IMAGES = YES;
				CURRENT_PROJECT_VERSION = 2;
				DEVELOPMENT_TEAM = "";
				HEADER_SEARCH_PATHS = /usr/local/opt/hyperscan/include/hs;
				INFOPLIST_FILE = PeculiarLog/Info.plist;
				LD_RUNPATH_SEARCH_PATHS = (
					"$(inherited)",
					"@executable_path/../Frameworks",
				);
				LIBRARY_SEARCH_PATHS = /usr/local/lib;
				MACOSX_DEPLOYMENT_TARGET = 10.13;
				MARKETING_VERSION = 1.2;
				OTHER_LDFLAGS = "-lhs";
				PRODUCT_BUNDLE_IDENTIFIER = tech.peculiar.PeculiarLog;
				PRODUCT_NAME = "$(TARGET_NAME)";
				PROVISIONING_PROFILE_SPECIFIER = "";
				SWIFT_OBJC_BRIDGING_HEADER = "PeculiarLog/SearchEngine/PeculiarLog-Bridging-Header.h";
				SWIFT_OPTIMIZATION_LEVEL = "-Onone";
				SWIFT_VERSION = 5.0;
				SYSTEM_HEADER_SEARCH_PATHS = "";
			};
			name = Debug;
		};
		FA2948DE23A1D9AE0099B978 /* Release */ = {
			isa = XCBuildConfiguration;
			buildSettings = {
				ASSETCATALOG_COMPILER_APPICON_NAME = AppIcon;
				CLANG_ENABLE_MODULES = YES;
				CODE_SIGN_ENTITLEMENTS = PeculiarLog/PeculiarLog.entitlements;
				CODE_SIGN_STYLE = Manual;
				COMBINE_HIDPI_IMAGES = YES;
				CURRENT_PROJECT_VERSION = 2;
				DEVELOPMENT_TEAM = "";
				GCC_GENERATE_DEBUGGING_SYMBOLS = NO;
				HEADER_SEARCH_PATHS = /usr/local/opt/hyperscan/include/hs;
				INFOPLIST_FILE = PeculiarLog/Info.plist;
				LD_RUNPATH_SEARCH_PATHS = (
					"$(inherited)",
					"@executable_path/../Frameworks",
				);
				LIBRARY_SEARCH_PATHS = /usr/local/lib;
				MACOSX_DEPLOYMENT_TARGET = 10.13;
				MARKETING_VERSION = 1.2;
				OTHER_LDFLAGS = "-lhs";
				PRODUCT_BUNDLE_IDENTIFIER = tech.peculiar.PeculiarLog;
				PRODUCT_NAME = "$(TARGET_NAME)";
				PROVISIONING_PROFILE_SPECIFIER = "";
				SWIFT_OBJC_BRIDGING_HEADER = "PeculiarLog/SearchEngine/PeculiarLog-Bridging-Header.h";
				SWIFT_VERSION = 5.0;
				SYSTEM_HEADER_SEARCH_PATHS = "";
			};
			name = Release;
		};
/* End XCBuildConfiguration section */

/* Begin XCConfigurationList section */
		FA2948C523A1D9AD0099B978 /* Build configuration list for PBXProject "PeculiarLog" */ = {
			isa = XCConfigurationList;
			buildConfigurations = (
				FA2948DA23A1D9AE0099B978 /* Debug */,
				FA2948DB23A1D9AE0099B978 /* Release */,
			);
			defaultConfigurationIsVisible = 0;
			defaultConfigurationName = Release;
		};
		FA2948DC23A1D9AE0099B978 /* Build configuration list for PBXNativeTarget "PeculiarLog" */ = {
			isa = XCConfigurationList;
			buildConfigurations = (
				FA2948DD23A1D9AE0099B978 /* Debug */,
				FA2948DE23A1D9AE0099B978 /* Release */,
			);
			defaultConfigurationIsVisible = 0;
			defaultConfigurationName = Release;
		};
/* End XCConfigurationList section */
	};
	rootObject = FA2948C223A1D9AD0099B978 /* Project object */;
}
